NeoBundleLock CSApprox a2958096696f9132ef0ece44b3fab93dac6df8d0
NeoBundleLock HTML-AutoCloseTag c2f6f59cf5c08dd487ef361f93ba09317a840e25
NeoBundleLock auto-pairs b647ef54cd2d991d5221b97fb5dbb3c0477fdc64
NeoBundleLock c.vim 69f0368c7d8dac196bd94ddfa80d98b1cedc7eb0
NeoBundleLock ctrlp-py-matcher 9e84cf8072866b92faf5082cb93a554b75e35fd0
NeoBundleLock ctrlp.vim 46168ace5b57124190ef95390b9c38c441c0c9ee
NeoBundleLock emmet-vim 4110fb0f7b13f20e1136da18e12597a4c978cc3a
NeoBundleLock grep.vim 852ddb0c6590bbc41c508d7f5d2fc17112492def
NeoBundleLock indentLine 300c719b3e0348a65457109386ded3f32f7cd319
NeoBundleLock jedi-vim 9af06424fbf4adf6f48adafb25569c943d8e2e43
NeoBundleLock molokai db8ce13b3737d3ddea8368498183d7c204a762eb
NeoBundleLock neobundle.vim 24b7f21979d304eb8c15c301893f6ac98c425cd1
NeoBundleLock nerdtree 0b44415a3302030b56755cc1135ca9ca57dc1ada
NeoBundleLock perlomni.vim 60b39ac6cd59ff14022fc024f1f0a7121a93c952
NeoBundleLock syntastic 1926693d1bcf786a526ff0980bc120ab4bad0dee
NeoBundleLock tagbar 7b36c46d17d57db34fdb0adac9ba6382d0bb5e66
NeoBundleLock ultisnips 1ce44ac9c8731645070aea5e7c41521b3d95e1b3
NeoBundleLock vim-airline 14d14cf951c08fc88ca6c3e6f28fe47b99421e23
NeoBundleLock vim-coloresque 0c21b1469993e610600e88e734ffe90b9c10a514
NeoBundleLock vim-commentary e0f4850d78137a35b9461c530078bd77f39e4dce
NeoBundleLock vim-css3-syntax 9e0ef247ced9c0a0177e20d37c944d65b5977f38
NeoBundleLock vim-fugitive dba8a0705d95cda76d599bb7d09964d67741a5c5
NeoBundleLock vim-gitgutter b18e23cdfa082dee7da8a2466db5a66907491e5b
NeoBundleLock vim-haml 5c1189022d217219be6f607e653bb5ad8c2ff6ca
NeoBundleLock vim-misc 3e6b8fb6f03f13434543ce1f5d24f6a5d3f34f0b
NeoBundleLock vim-perl 456b3e2b3a778138a2ed7ab936b05de546c1de57
NeoBundleLock vim-php-namespace 9a1c88cd14162f61a3535d514b5d07a1e4f12805
NeoBundleLock vim-polyglot 47a036761a0faa7771ce70d1b50d408e784ee5b8
NeoBundleLock vim-session 397d6378431eb6a9caa56991591e88a3d5d53f68
NeoBundleLock vim-snippets 15387bd29f4bebbb133356b127e551694325e36c
NeoBundleLock vim-trailing-whitespace 478b217d299b6f5938b43a4929d6bb0907cc3a56
NeoBundleLock vimproc.vim c40f7e77e6ff0586ff6951e7cf479b3dc81bb69d
NeoBundleLock vimshell.vim b19377ead8e6d4e0dc40a0862b28fbc90ffb5e3f
