NeoBundleLock CSApprox a2958096696f9132ef0ece44b3fab93dac6df8d0
NeoBundleLock HTML-AutoCloseTag c2f6f59cf5c08dd487ef361f93ba09317a840e25
NeoBundleLock auto-pairs b647ef54cd2d991d5221b97fb5dbb3c0477fdc64
NeoBundleLock c.vim 69f0368c7d8dac196bd94ddfa80d98b1cedc7eb0
NeoBundleLock ctrlp-py-matcher 9e84cf8072866b92faf5082cb93a554b75e35fd0
NeoBundleLock ctrlp.vim 7a80267ed061f3dc30bb319f438bdadfd8c7b1fd
NeoBundleLock emmet-vim 8b8aefd64c23c967cc080e3f93dc343d3b44f75f
NeoBundleLock grep.vim 852ddb0c6590bbc41c508d7f5d2fc17112492def
NeoBundleLock indentLine 87a29facd8fbaffd4db3972bb555cfe51f2bac42
NeoBundleLock jedi-vim dc23f0b859d3b5c087921b68cf7cd66803ecca83
NeoBundleLock molokai c67bdfcdb31415aa0ade7f8c003261700a885476
NeoBundleLock neobundle.vim 6d860289bfee4770741b1868bf030ce9bf0eb759
NeoBundleLock nerdtree 4ebbb533c3faf2c480211db2b547972bb3b60f2b
NeoBundleLock perlomni.vim 60b39ac6cd59ff14022fc024f1f0a7121a93c952
NeoBundleLock syntastic 48736aa376341518d7bedf3a39daf0ae9e1dcdc0
NeoBundleLock tagbar 7b36c46d17d57db34fdb0adac9ba6382d0bb5e66
NeoBundleLock vim-airline 14d14cf951c08fc88ca6c3e6f28fe47b99421e23
NeoBundleLock vim-coloresque 0c21b1469993e610600e88e734ffe90b9c10a514
NeoBundleLock vim-commentary e0f4850d78137a35b9461c530078bd77f39e4dce
NeoBundleLock vim-css3-syntax fbb5357a0e9910a658e194000173894b70821a3b
NeoBundleLock vim-fugitive 207c643ea46860c84dad5c5ba7033779c15a7b96
NeoBundleLock vim-gitgutter 28aea43adf187ca01f0255c5a9418a5aac6380f1
NeoBundleLock vim-haml 5c1189022d217219be6f607e653bb5ad8c2ff6ca
NeoBundleLock vim-misc 3e6b8fb6f03f13434543ce1f5d24f6a5d3f34f0b
NeoBundleLock vim-perl b73323c2b664514db00ff4210fd54f30f7d39e41
NeoBundleLock vim-php-namespace 9a1c88cd14162f61a3535d514b5d07a1e4f12805
NeoBundleLock vim-polyglot d4e83d706f9417c031e24ae554c8740411a253cb
NeoBundleLock vim-session 9e9a6088f0554f6940c19889d0b2a8f39d13f2bb
NeoBundleLock vim-snippets 86c908f7ffa334308dd4a1316e77f1fefb0bf046
NeoBundleLock vim-trailing-whitespace 478b217d299b6f5938b43a4929d6bb0907cc3a56
NeoBundleLock vimproc.vim f96e476e41ab4cdb9c37242c8cf76f1e5aa5b91d
NeoBundleLock vimshell.vim 7931e3bf9fbba738b26bb76143dfc1df17f7a99b
