NeoBundleLock CSApprox a2958096696f9132ef0ece44b3fab93dac6df8d0
NeoBundleLock CoVim 181ed37d6c2778f26d29775009d1e657c6c701a9
NeoBundleLock CommentReader 1bb620010dd026f2c2abcd879121bdf77d2260c8
NeoBundleLock HTML-AutoCloseTag c2f6f59cf5c08dd487ef361f93ba09317a840e25
NeoBundleLock SudoEdit.vim c23091d5c74b4805844c24d248f18ecb4fae7bad
NeoBundleLock YCommentReader 638be57548d89b08ce161ddf9733fd86e4585cbe
NeoBundleLock auto-pairs b647ef54cd2d991d5221b97fb5dbb3c0477fdc64
NeoBundleLock c.vim 69f0368c7d8dac196bd94ddfa80d98b1cedc7eb0
NeoBundleLock csscomplete.vim ec78fe983a133a5696cc608f2d978731e91e2178
NeoBundleLock ctrlp-ghq 180bee083ded1ed5ec8292e9711d6a9ef20d7666
NeoBundleLock ctrlp-py-matcher 8a803267a741cff3d6147650745f83c8f2125578
NeoBundleLock ctrlp.vim 7f74368d85bb521951dd58123349ce66b947d058
NeoBundleLock dwm.vim 6149e58fdd81f69e4e6a3f239842f3dc23e4872b
NeoBundleLock editorconfig-vim 5a3f8ac348e093125e839f6637f8cd34e10a5146
NeoBundleLock elm.vim 916842745a73c73d25437ca17b88f32d8c944e1d
NeoBundleLock emmet-vim 0ccaa29dbde268888be21705b0de5de89b59ef48
NeoBundleLock emoji-vim 55ff55d7500d23918731a39d25f39d2133edc635
NeoBundleLock es.next.syntax.vim edd51d814ef6e3a13f4b59ca1bd0c761340ca927
NeoBundleLock fzf.vim 00fdb54c9d64082d978504be84b1ff704d12437a
NeoBundleLock gist-vim 88c331e2e07765090112a396e5e119b39b5aa754
NeoBundleLock grep.vim 852ddb0c6590bbc41c508d7f5d2fc17112492def
NeoBundleLock html5.vim 59f2c6bb5dd0ca11175eb73cb8546ff4ac750b1c
NeoBundleLock indentLine 9cb94e17354d98d6fb4f59b243144d4d34d0b654
NeoBundleLock javascript-libraries-syntax.vim b17f2bbbc72c86ee99c6dc8ddaa665c4d2d8c260
NeoBundleLock jedi-vim 625c568b1249db8c5f1b06a1f9371c06ba2d08b5
NeoBundleLock molokai c67bdfcdb31415aa0ade7f8c003261700a885476
NeoBundleLock neobundle.vim 8ea71a7c3303f043a127b2d1d1a41e81dc85c132
NeoBundleLock nerdcommenter 1f4bfd59920c101a30a74a07b824608a6e65f3fe
NeoBundleLock nerdtree 4ebbb533c3faf2c480211db2b547972bb3b60f2b
NeoBundleLock perlomni.vim 60b39ac6cd59ff14022fc024f1f0a7121a93c952
NeoBundleLock quick-scope d5882cb0e8e01494b7c2d2058cf5c9427bc6367b
NeoBundleLock rainbow_parentheses.vim eb8baa5428bde10ecc1cb14eed1d6e16f5f24695
NeoBundleLock seeks.vim 36159e164ff6712699f29b93c1b68ee01edb9d2f
NeoBundleLock semantic-highlight.vim e95b0a5438541a6a805001e9071afa6d0e765bab
NeoBundleLock syntastic cc440f1b40adcdc0a5aabbc786a8d1750eefd3ee
NeoBundleLock syntaxcomplete 192a6c160a4f8968182952dd711e9006e76ae0da
NeoBundleLock tabman.vim 8f2ca9268a2ec1bcb29231b5b3f872101d169901
NeoBundleLock tagbar 7b36c46d17d57db34fdb0adac9ba6382d0bb5e66
NeoBundleLock unite-codesearch 85a1a2916106fa9c5485b878f0505a7b9c15fa9f
NeoBundleLock verminal b65d7d2bb1068b7055134df7f9b8955166e5ab69
NeoBundleLock vim-afterimage 11447318221f45f6eb6195f206e2950cdbabcba4
NeoBundleLock vim-airline 020ee382dcf960fb5f2ec2d0ad6bc64e3e1a9fe7
NeoBundleLock vim-coloresque 0c21b1469993e610600e88e734ffe90b9c10a514
NeoBundleLock vim-commentary e0f4850d78137a35b9461c530078bd77f39e4dce
NeoBundleLock vim-css3-syntax 0d54d6319f82aa077d5da0b19a41fd8ef198da42
NeoBundleLock vim-easy-align d1b68f9dd0796ebfca16e705f0e27bd62634d446
NeoBundleLock vim-editorconfig 26cdeca2fa14606c5981abfd3234443b63f543e9
NeoBundleLock vim-emoji 91dc3b5dbec1ee268cf733d2dffe9e8e6c1d0153
NeoBundleLock vim-fugitive 9835920a3c91236021fc8c88cc4157304e24356b
NeoBundleLock vim-gitgutter 4510e9b33506b4b09168c99934c42ee1ce89bba2
NeoBundleLock vim-grepper 85b3c5e42b5baf8921a389ef8a6081841f157970
NeoBundleLock vim-haml 5c1189022d217219be6f607e653bb5ad8c2ff6ca
NeoBundleLock vim-hybrid cc58baabeabc7b83768e25b852bf89c34756bf90
NeoBundleLock vim-janah 3bf361edb1039e1de2cb877b5ddebb3c1ac2fe2f
NeoBundleLock vim-javascript 1d8c2677d26d6b3950b90dc1636e63334c8efc3b
NeoBundleLock vim-jsx 34b6b999483d12df16e413957736f2e783a7bc06
NeoBundleLock vim-misc 3e6b8fb6f03f13434543ce1f5d24f6a5d3f34f0b
NeoBundleLock vim-node 13b31218447335e176d46dd5f497b274f7f49595
NeoBundleLock vim-oblique 9b05453640829a67b3e33af5dcd0014fa170e104
NeoBundleLock vim-peekaboo b14a7496897bb0a520bed4f519ca79a683bafeec
NeoBundleLock vim-perl 2cef2074b423e88d981bad60496dd0f1a1d5ecf9
NeoBundleLock vim-php-namespace 8f8aebafb5b6b7bf1f6394558faa5c7aa8e43261
NeoBundleLock vim-polyglot c324a086b2e184f0275c46e97acbf95376683fde
NeoBundleLock vim-pseudocl 3bf5a8250f81ce52506a6720bed8b3c47c12aec7
NeoBundleLock vim-scratch 96f2e92a187948d20c97ce705a2f863507234f99
NeoBundleLock vim-seek c85191cdf75328e59f6826afbfacbc2c7c8e343e
NeoBundleLock vim-session 9e9a6088f0554f6940c19889d0b2a8f39d13f2bb
NeoBundleLock vim-signify 4f69c11c7cd7b75bb23cf7565f278af918816546
NeoBundleLock vim-snippets 0fc7fd1181f33b26c015d0f306d149b756f9d679
NeoBundleLock vim-startify 8545f6f553640dc0318582c9749c893f2be3345e
NeoBundleLock vim-surround 2d05440ad23f97a7874ebd9b5de3a0e65d25d85c
NeoBundleLock vim-trailing-whitespace 478b217d299b6f5938b43a4929d6bb0907cc3a56
NeoBundleLock vim-vue 3986d9002d479bf45fd5572bd8658f421a03dd92
NeoBundleLock vimproc.vim aa075b9b56839e1adb08421d2e9837f90e59acad
NeoBundleLock vimshell.vim a5b3d99ba84e76cf94195c37ab762aef5f7b6e25
NeoBundleLock webapi-vim 5726e8270e2a774c7200ca79868b4128c0c57ad7
NeoBundleLock yajs.vim e998f4b5734842eb7afa443ad68d7ff4f6fb8d73
